// !$*UTF8*$!
{
	archiveVersion = 1;
	classes = {
	};
	objectVersion = 56;
	objects = {

/* Begin PBXBuildFile section */
		6669B9B82CC5308700F4EE94 /* learningApp.swift in Sources */ = {isa = PBXBuildFile; fileRef = 6669B9B72CC5308700F4EE94 /* learningApp.swift */; };
		6669B9BA2CC5308700F4EE94 /* ContentView.swift in Sources */ = {isa = PBXBuildFile; fileRef = 6669B9B92CC5308700F4EE94 /* ContentView.swift */; };
		6669B9BC2CC5308A00F4EE94 /* Assets.xcassets in Resources */ = {isa = PBXBuildFile; fileRef = 6669B9BB2CC5308A00F4EE94 /* Assets.xcassets */; };
		6669B9BF2CC5308A00F4EE94 /* Preview Assets.xcassets in Resources */ = {isa = PBXBuildFile; fileRef = 6669B9BE2CC5308A00F4EE94 /* Preview Assets.xcassets */; };
		6669B9C92CC5308A00F4EE94 /* learningTests.swift in Sources */ = {isa = PBXBuildFile; fileRef = 6669B9C82CC5308A00F4EE94 /* learningTests.swift */; };
		6669B9D32CC5308B00F4EE94 /* learningUITests.swift in Sources */ = {isa = PBXBuildFile; fileRef = 6669B9D22CC5308B00F4EE94 /* learningUITests.swift */; };
		6669B9D52CC5308B00F4EE94 /* learningUITestsLaunchTests.swift in Sources */ = {isa = PBXBuildFile; fileRef = 6669B9D42CC5308B00F4EE94 /* learningUITestsLaunchTests.swift */; };
		6669B9E22CC685A500F4EE94 /* learnedToday.swift in Sources */ = {isa = PBXBuildFile; fileRef = 6669B9E12CC685A500F4EE94 /* learnedToday.swift */; };
		6669B9E42CC7C62D00F4EE94 /* testswift.swift in Sources */ = {isa = PBXBuildFile; fileRef = 6669B9E32CC7C62D00F4EE94 /* testswift.swift */; };
		6669B9E62CC91BF700F4EE94 /* editGoal.swift in Sources */ = {isa = PBXBuildFile; fileRef = 6669B9E52CC91BF700F4EE94 /* editGoal.swift */; };
		6669B9E82CC9679F00F4EE94 /* justForTry.swift in Sources */ = {isa = PBXBuildFile; fileRef = 6669B9E72CC9679F00F4EE94 /* justForTry.swift */; };
/* End PBXBuildFile section */

/* Begin PBXContainerItemProxy section */
		6669B9C52CC5308A00F4EE94 /* PBXContainerItemProxy */ = {
			isa = PBXContainerItemProxy;
			containerPortal = 6669B9AC2CC5308700F4EE94 /* Project object */;
			proxyType = 1;
			remoteGlobalIDString = 6669B9B32CC5308700F4EE94;
			remoteInfo = learning;
		};
		6669B9CF2CC5308B00F4EE94 /* PBXContainerItemProxy */ = {
			isa = PBXContainerItemProxy;
			containerPortal = 6669B9AC2CC5308700F4EE94 /* Project object */;
			proxyType = 1;
			remoteGlobalIDString = 6669B9B32CC5308700F4EE94;
			remoteInfo = learning;
		};
/* End PBXContainerItemProxy section */

/* Begin PBXFileReference section */
		6669B9B42CC5308700F4EE94 /* learning.app */ = {isa = PBXFileReference; explicitFileType = wrapper.application; includeInIndex = 0; path = learning.app; sourceTree = BUILT_PRODUCTS_DIR; };
		6669B9B72CC5308700F4EE94 /* learningApp.swift */ = {isa = PBXFileReference; lastKnownFileType = sourcecode.swift; path = learningApp.swift; sourceTree = "<group>"; };
		6669B9B92CC5308700F4EE94 /* ContentView.swift */ = {isa = PBXFileReference; lastKnownFileType = sourcecode.swift; path = ContentView.swift; sourceTree = "<group>"; };
		6669B9BB2CC5308A00F4EE94 /* Assets.xcassets */ = {isa = PBXFileReference; lastKnownFileType = folder.assetcatalog; path = Assets.xcassets; sourceTree = "<group>"; };
		6669B9BE2CC5308A00F4EE94 /* Preview Assets.xcassets */ = {isa = PBXFileReference; lastKnownFileType = folder.assetcatalog; path = "Preview Assets.xcassets"; sourceTree = "<group>"; };
		6669B9C42CC5308A00F4EE94 /* learningTests.xctest */ = {isa = PBXFileReference; explicitFileType = wrapper.cfbundle; includeInIndex = 0; path = learningTests.xctest; sourceTree = BUILT_PRODUCTS_DIR; };
		6669B9C82CC5308A00F4EE94 /* learningTests.swift */ = {isa = PBXFileReference; lastKnownFileType = sourcecode.swift; path = learningTests.swift; sourceTree = "<group>"; };
		6669B9CE2CC5308B00F4EE94 /* learningUITests.xctest */ = {isa = PBXFileReference; explicitFileType = wrapper.cfbundle; includeInIndex = 0; path = learningUITests.xctest; sourceTree = BUILT_PRODUCTS_DIR; };
		6669B9D22CC5308B00F4EE94 /* learningUITests.swift */ = {isa = PBXFileReference; lastKnownFileType = sourcecode.swift; path = learningUITests.swift; sourceTree = "<group>"; };
		6669B9D42CC5308B00F4EE94 /* learningUITestsLaunchTests.swift */ = {isa = PBXFileReference; lastKnownFileType = sourcecode.swift; path = learningUITestsLaunchTests.swift; sourceTree = "<group>"; };
		6669B9E12CC685A500F4EE94 /* learnedToday.swift */ = {isa = PBXFileReference; lastKnownFileType = sourcecode.swift; path = learnedToday.swift; sourceTree = "<group>"; };
		6669B9E32CC7C62D00F4EE94 /* testswift.swift */ = {isa = PBXFileReference; lastKnownFileType = sourcecode.swift; path = testswift.swift; sourceTree = "<group>"; };
		6669B9E52CC91BF700F4EE94 /* editGoal.swift */ = {isa = PBXFileReference; lastKnownFileType = sourcecode.swift; path = editGoal.swift; sourceTree = "<group>"; };
		6669B9E72CC9679F00F4EE94 /* justForTry.swift */ = {isa = PBXFileReference; lastKnownFileType = sourcecode.swift; path = justForTry.swift; sourceTree = "<group>"; };
/* End PBXFileReference section */

/* Begin PBXFrameworksBuildPhase section */
		6669B9B12CC5308700F4EE94 /* Frameworks */ = {
			isa = PBXFrameworksBuildPhase;
			buildActionMask = 2147483647;
			files = (
			);
			runOnlyForDeploymentPostprocessing = 0;
		};
		6669B9C12CC5308A00F4EE94 /* Frameworks */ = {
			isa = PBXFrameworksBuildPhase;
			buildActionMask = 2147483647;
			files = (
			);
			runOnlyForDeploymentPostprocessing = 0;
		};
		6669B9CB2CC5308B00F4EE94 /* Frameworks */ = {
			isa = PBXFrameworksBuildPhase;
			buildActionMask = 2147483647;
			files = (
			);
			runOnlyForDeploymentPostprocessing = 0;
		};
/* End PBXFrameworksBuildPhase section */

/* Begin PBXGroup section */
		6669B9AB2CC5308700F4EE94 = {
			isa = PBXGroup;
			children = (
				6669B9B62CC5308700F4EE94 /* learning */,
				6669B9C72CC5308A00F4EE94 /* learningTests */,
				6669B9D12CC5308B00F4EE94 /* learningUITests */,
				6669B9B52CC5308700F4EE94 /* Products */,
			);
			sourceTree = "<group>";
		};
		6669B9B52CC5308700F4EE94 /* Products */ = {
			isa = PBXGroup;
			children = (
				6669B9B42CC5308700F4EE94 /* learning.app */,
				6669B9C42CC5308A00F4EE94 /* learningTests.xctest */,
				6669B9CE2CC5308B00F4EE94 /* learningUITests.xctest */,
			);
			name = Products;
			sourceTree = "<group>";
		};
		6669B9B62CC5308700F4EE94 /* learning */ = {
			isa = PBXGroup;
			children = (
				6669B9B72CC5308700F4EE94 /* learningApp.swift */,
				6669B9B92CC5308700F4EE94 /* ContentView.swift */,
				6669B9E12CC685A500F4EE94 /* learnedToday.swift */,
				6669B9E32CC7C62D00F4EE94 /* testswift.swift */,
				6669B9E72CC9679F00F4EE94 /* justForTry.swift */,
				6669B9E52CC91BF700F4EE94 /* editGoal.swift */,
				6669B9BB2CC5308A00F4EE94 /* Assets.xcassets */,
				6669B9BD2CC5308A00F4EE94 /* Preview Content */,
			);
			path = learning;
			sourceTree = "<group>";
		};
		6669B9BD2CC5308A00F4EE94 /* Preview Content */ = {
			isa = PBXGroup;
			children = (
				6669B9BE2CC5308A00F4EE94 /* Preview Assets.xcassets */,
			);
			path = "Preview Content";
			sourceTree = "<group>";
		};
		6669B9C72CC5308A00F4EE94 /* learningTests */ = {
			isa = PBXGroup;
			children = (
				6669B9C82CC5308A00F4EE94 /* learningTests.swift */,
			);
			path = learningTests;
			sourceTree = "<group>";
		};
		6669B9D12CC5308B00F4EE94 /* learningUITests */ = {
			isa = PBXGroup;
			children = (
				6669B9D22CC5308B00F4EE94 /* learningUITests.swift */,
				6669B9D42CC5308B00F4EE94 /* learningUITestsLaunchTests.swift */,
			);
			path = learningUITests;
			sourceTree = "<group>";
		};
/* End PBXGroup section */

/* Begin PBXNativeTarget section */
		6669B9B32CC5308700F4EE94 /* learning */ = {
			isa = PBXNativeTarget;
			buildConfigurationList = 6669B9D82CC5308B00F4EE94 /* Build configuration list for PBXNativeTarget "learning" */;
			buildPhases = (
				6669B9B02CC5308700F4EE94 /* Sources */,
				6669B9B12CC5308700F4EE94 /* Frameworks */,
				6669B9B22CC5308700F4EE94 /* Resources */,
			);
			buildRules = (
			);
			dependencies = (
			);
			name = learning;
			productName = learning;
			productReference = 6669B9B42CC5308700F4EE94 /* learning.app */;
			productType = "com.apple.product-type.application";
		};
		6669B9C32CC5308A00F4EE94 /* learningTests */ = {
			isa = PBXNativeTarget;
			buildConfigurationList = 6669B9DB2CC5308B00F4EE94 /* Build configuration list for PBXNativeTarget "learningTests" */;
			buildPhases = (
				6669B9C02CC5308A00F4EE94 /* Sources */,
				6669B9C12CC5308A00F4EE94 /* Frameworks */,
				6669B9C22CC5308A00F4EE94 /* Resources */,
			);
			buildRules = (
			);
			dependencies = (
				6669B9C62CC5308A00F4EE94 /* PBXTargetDependency */,
			);
			name = learningTests;
			productName = learningTests;
			productReference = 6669B9C42CC5308A00F4EE94 /* learningTests.xctest */;
			productType = "com.apple.product-type.bundle.unit-test";
		};
		6669B9CD2CC5308B00F4EE94 /* learningUITests */ = {
			isa = PBXNativeTarget;
			buildConfigurationList = 6669B9DE2CC5308B00F4EE94 /* Build configuration list for PBXNativeTarget "learningUITests" */;
			buildPhases = (
				6669B9CA2CC5308B00F4EE94 /* Sources */,
				6669B9CB2CC5308B00F4EE94 /* Frameworks */,
				6669B9CC2CC5308B00F4EE94 /* Resources */,
			);
			buildRules = (
			);
			dependencies = (
				6669B9D02CC5308B00F4EE94 /* PBXTargetDependency */,
			);
			name = learningUITests;
			productName = learningUITests;
			productReference = 6669B9CE2CC5308B00F4EE94 /* learningUITests.xctest */;
			productType = "com.apple.product-type.bundle.ui-testing";
		};
/* End PBXNativeTarget section */

/* Begin PBXProject section */
		6669B9AC2CC5308700F4EE94 /* Project object */ = {
			isa = PBXProject;
			attributes = {
				BuildIndependentTargetsInParallel = 1;
				LastSwiftUpdateCheck = 1540;
				LastUpgradeCheck = 1540;
				TargetAttributes = {
					6669B9B32CC5308700F4EE94 = {
						CreatedOnToolsVersion = 15.4;
					};
					6669B9C32CC5308A00F4EE94 = {
						CreatedOnToolsVersion = 15.4;
						TestTargetID = 6669B9B32CC5308700F4EE94;
					};
					6669B9CD2CC5308B00F4EE94 = {
						CreatedOnToolsVersion = 15.4;
						TestTargetID = 6669B9B32CC5308700F4EE94;
					};
				};
			};
			buildConfigurationList = 6669B9AF2CC5308700F4EE94 /* Build configuration list for PBXProject "learning" */;
			compatibilityVersion = "Xcode 14.0";
			developmentRegion = en;
			hasScannedForEncodings = 0;
			knownRegions = (
				en,
				Base,
			);
			mainGroup = 6669B9AB2CC5308700F4EE94;
			productRefGroup = 6669B9B52CC5308700F4EE94 /* Products */;
			projectDirPath = "";
			projectRoot = "";
			targets = (
				6669B9B32CC5308700F4EE94 /* learning */,
				6669B9C32CC5308A00F4EE94 /* learningTests */,
				6669B9CD2CC5308B00F4EE94 /* learningUITests */,
			);
		};
/* End PBXProject section */

/* Begin PBXResourcesBuildPhase section */
		6669B9B22CC5308700F4EE94 /* Resources */ = {
			isa = PBXResourcesBuildPhase;
			buildActionMask = 2147483647;
			files = (
				6669B9BF2CC5308A00F4EE94 /* Preview Assets.xcassets in Resources */,
				6669B9BC2CC5308A00F4EE94 /* Assets.xcassets in Resources */,
			);
			runOnlyForDeploymentPostprocessing = 0;
		};
		6669B9C22CC5308A00F4EE94 /* Resources */ = {
			isa = PBXResourcesBuildPhase;
			buildActionMask = 2147483647;
			files = (
			);
			runOnlyForDeploymentPostprocessing = 0;
		};
		6669B9CC2CC5308B00F4EE94 /* Resources */ = {
			isa = PBXResourcesBuildPhase;
			buildActionMask = 2147483647;
			files = (
			);
			runOnlyForDeploymentPostprocessing = 0;
		};
/* End PBXResourcesBuildPhase section */

/* Begin PBXSourcesBuildPhase section */
		6669B9B02CC5308700F4EE94 /* Sources */ = {
			isa = PBXSourcesBuildPhase;
			buildActionMask = 2147483647;
			files = (
				6669B9E22CC685A500F4EE94 /* learnedToday.swift in Sources */,
				6669B9BA2CC5308700F4EE94 /* ContentView.swift in Sources */,
				6669B9E62CC91BF700F4EE94 /* editGoal.swift in Sources */,
				6669B9B82CC5308700F4EE94 /* learningApp.swift in Sources */,
				6669B9E42CC7C62D00F4EE94 /* testswift.swift in Sources */,
				6669B9E82CC9679F00F4EE94 /* justForTry.swift in Sources */,
			);
			runOnlyForDeploymentPostprocessing = 0;
		};
		6669B9C02CC5308A00F4EE94 /* Sources */ = {
			isa = PBXSourcesBuildPhase;
			buildActionMask = 2147483647;
			files = (
				6669B9C92CC5308A00F4EE94 /* learningTests.swift in Sources */,
			);
			runOnlyForDeploymentPostprocessing = 0;
		};
		6669B9CA2CC5308B00F4EE94 /* Sources */ = {
			isa = PBXSourcesBuildPhase;
			buildActionMask = 2147483647;
			files = (
				6669B9D52CC5308B00F4EE94 /* learningUITestsLaunchTests.swift in Sources */,
				6669B9D32CC5308B00F4EE94 /* learningUITests.swift in Sources */,
			);
			runOnlyForDeploymentPostprocessing = 0;
		};
/* End PBXSourcesBuildPhase section */

/* Begin PBXTargetDependency section */
		6669B9C62CC5308A00F4EE94 /* PBXTargetDependency */ = {
			isa = PBXTargetDependency;
			target = 6669B9B32CC5308700F4EE94 /* learning */;
			targetProxy = 6669B9C52CC5308A00F4EE94 /* PBXContainerItemProxy */;
		};
		6669B9D02CC5308B00F4EE94 /* PBXTargetDependency */ = {
			isa = PBXTargetDependency;
			target = 6669B9B32CC5308700F4EE94 /* learning */;
			targetProxy = 6669B9CF2CC5308B00F4EE94 /* PBXContainerItemProxy */;
		};
/* End PBXTargetDependency section */

/* Begin XCBuildConfiguration section */
		6669B9D62CC5308B00F4EE94 /* Debug */ = {
			isa = XCBuildConfiguration;
			buildSettings = {
				ALWAYS_SEARCH_USER_PATHS = NO;
				ASSETCATALOG_COMPILER_GENERATE_SWIFT_ASSET_SYMBOL_EXTENSIONS = YES;
				CLANG_ANALYZER_NONNULL = YES;
				CLANG_ANALYZER_NUMBER_OBJECT_CONVERSION = YES_AGGRESSIVE;
				CLANG_CXX_LANGUAGE_STANDARD = "gnu++20";
				CLANG_ENABLE_MODULES = YES;
				CLANG_ENABLE_OBJC_ARC = YES;
				CLANG_ENABLE_OBJC_WEAK = YES;
				CLANG_WARN_BLOCK_CAPTURE_AUTORELEASING = YES;
				CLANG_WARN_BOOL_CONVERSION = YES;
				CLANG_WARN_COMMA = YES;
				CLANG_WARN_CONSTANT_CONVERSION = YES;
				CLANG_WARN_DEPRECATED_OBJC_IMPLEMENTATIONS = YES;
				CLANG_WARN_DIRECT_OBJC_ISA_USAGE = YES_ERROR;
				CLANG_WARN_DOCUMENTATION_COMMENTS = YES;
				CLANG_WARN_EMPTY_BODY = YES;
				CLANG_WARN_ENUM_CONVERSION = YES;
				CLANG_WARN_INFINITE_RECURSION = YES;
				CLANG_WARN_INT_CONVERSION = YES;
				CLANG_WARN_NON_LITERAL_NULL_CONVERSION = YES;
				CLANG_WARN_OBJC_IMPLICIT_RETAIN_SELF = YES;
				CLANG_WARN_OBJC_LITERAL_CONVERSION = YES;
				CLANG_WARN_OBJC_ROOT_CLASS = YES_ERROR;
				CLANG_WARN_QUOTED_INCLUDE_IN_FRAMEWORK_HEADER = YES;
				CLANG_WARN_RANGE_LOOP_ANALYSIS = YES;
				CLANG_WARN_STRICT_PROTOTYPES = YES;
				CLANG_WARN_SUSPICIOUS_MOVE = YES;
				CLANG_WARN_UNGUARDED_AVAILABILITY = YES_AGGRESSIVE;
				CLANG_WARN_UNREACHABLE_CODE = YES;
				CLANG_WARN__DUPLICATE_METHOD_MATCH = YES;
				COPY_PHASE_STRIP = NO;
				DEBUG_INFORMATION_FORMAT = dwarf;
				ENABLE_STRICT_OBJC_MSGSEND = YES;
				ENABLE_TESTABILITY = YES;
				ENABLE_USER_SCRIPT_SANDBOXING = YES;
				GCC_C_LANGUAGE_STANDARD = gnu17;
				GCC_DYNAMIC_NO_PIC = NO;
				GCC_NO_COMMON_BLOCKS = YES;
				GCC_OPTIMIZATION_LEVEL = 0;
				GCC_PREPROCESSOR_DEFINITIONS = (
					"DEBUG=1",
					"$(inherited)",
				);
				GCC_WARN_64_TO_32_BIT_CONVERSION = YES;
				GCC_WARN_ABOUT_RETURN_TYPE = YES_ERROR;
				GCC_WARN_UNDECLARED_SELECTOR = YES;
				GCC_WARN_UNINITIALIZED_AUTOS = YES_AGGRESSIVE;
				GCC_WARN_UNUSED_FUNCTION = YES;
				GCC_WARN_UNUSED_VARIABLE = YES;
				IPHONEOS_DEPLOYMENT_TARGET = 17.5;
				LOCALIZATION_PREFERS_STRING_CATALOGS = YES;
				MTL_ENABLE_DEBUG_INFO = INCLUDE_SOURCE;
				MTL_FAST_MATH = YES;
				ONLY_ACTIVE_ARCH = YES;
				SDKROOT = iphoneos;
				SWIFT_ACTIVE_COMPILATION_CONDITIONS = "DEBUG $(inherited)";
				SWIFT_OPTIMIZATION_LEVEL = "-Onone";
			};
			name = Debug;
		};
		6669B9D72CC5308B00F4EE94 /* Release */ = {
			isa = XCBuildConfiguration;
			buildSettings = {
				ALWAYS_SEARCH_USER_PATHS = NO;
				ASSETCATALOG_COMPILER_GENERATE_SWIFT_ASSET_SYMBOL_EXTENSIONS = YES;
				CLANG_ANALYZER_NONNULL = YES;
				CLANG_ANALYZER_NUMBER_OBJECT_CONVERSION = YES_AGGRESSIVE;
				CLANG_CXX_LANGUAGE_STANDARD = "gnu++20";
				CLANG_ENABLE_MODULES = YES;
				CLANG_ENABLE_OBJC_ARC = YES;
				CLANG_ENABLE_OBJC_WEAK = YES;
				CLANG_WARN_BLOCK_CAPTURE_AUTORELEASING = YES;
				CLANG_WARN_BOOL_CONVERSION = YES;
				CLANG_WARN_COMMA = YES;
				CLANG_WARN_CONSTANT_CONVERSION = YES;
				CLANG_WARN_DEPRECATED_OBJC_IMPLEMENTATIONS = YES;
				CLANG_WARN_DIRECT_OBJC_ISA_USAGE = YES_ERROR;
				CLANG_WARN_DOCUMENTATION_COMMENTS = YES;
				CLANG_WARN_EMPTY_BODY = YES;
				CLANG_WARN_ENUM_CONVERSION = YES;
				CLANG_WARN_INFINITE_RECURSION = YES;
				CLANG_WARN_INT_CONVERSION = YES;
				CLANG_WARN_NON_LITERAL_NULL_CONVERSION = YES;
				CLANG_WARN_OBJC_IMPLICIT_RETAIN_SELF = YES;
				CLANG_WARN_OBJC_LITERAL_CONVERSION = YES;
				CLANG_WARN_OBJC_ROOT_CLASS = YES_ERROR;
				CLANG_WARN_QUOTED_INCLUDE_IN_FRAMEWORK_HEADER = YES;
				CLANG_WARN_RANGE_LOOP_ANALYSIS = YES;
				CLANG_WARN_STRICT_PROTOTYPES = YES;
				CLANG_WARN_SUSPICIOUS_MOVE = YES;
				CLANG_WARN_UNGUARDED_AVAILABILITY = YES_AGGRESSIVE;
				CLANG_WARN_UNREACHABLE_CODE = YES;
				CLANG_WARN__DUPLICATE_METHOD_MATCH = YES;
				COPY_PHASE_STRIP = NO;
				DEBUG_INFORMATION_FORMAT = "dwarf-with-dsym";
				ENABLE_NS_ASSERTIONS = NO;
				ENABLE_STRICT_OBJC_MSGSEND = YES;
				ENABLE_USER_SCRIPT_SANDBOXING = YES;
				GCC_C_LANGUAGE_STANDARD = gnu17;
				GCC_NO_COMMON_BLOCKS = YES;
				GCC_WARN_64_TO_32_BIT_CONVERSION = YES;
				GCC_WARN_ABOUT_RETURN_TYPE = YES_ERROR;
				GCC_WARN_UNDECLARED_SELECTOR = YES;
				GCC_WARN_UNINITIALIZED_AUTOS = YES_AGGRESSIVE;
				GCC_WARN_UNUSED_FUNCTION = YES;
				GCC_WARN_UNUSED_VARIABLE = YES;
				IPHONEOS_DEPLOYMENT_TARGET = 17.5;
				LOCALIZATION_PREFERS_STRING_CATALOGS = YES;
				MTL_ENABLE_DEBUG_INFO = NO;
				MTL_FAST_MATH = YES;
				SDKROOT = iphoneos;
				SWIFT_COMPILATION_MODE = wholemodule;
				VALIDATE_PRODUCT = YES;
			};
			name = Release;
		};
		6669B9D92CC5308B00F4EE94 /* Debug */ = {
			isa = XCBuildConfiguration;
			buildSettings = {
				ASSETCATALOG_COMPILER_APPICON_NAME = AppIcon;
				ASSETCATALOG_COMPILER_GLOBAL_ACCENT_COLOR_NAME = AccentColor;
				CODE_SIGN_STYLE = Automatic;
				CURRENT_PROJECT_VERSION = 1;
				DEVELOPMENT_ASSET_PATHS = "\"learning/Preview Content\"";
				DEVELOPMENT_TEAM = BN2JAJ3WHN;
				ENABLE_PREVIEWS = YES;
				GENERATE_INFOPLIST_FILE = YES;
				INFOPLIST_KEY_UIApplicationSceneManifest_Generation = YES;
				INFOPLIST_KEY_UIApplicationSupportsIndirectInputEvents = YES;
				INFOPLIST_KEY_UILaunchScreen_Generation = YES;
				INFOPLIST_KEY_UISupportedInterfaceOrientations_iPad = "UIInterfaceOrientationPortrait UIInterfaceOrientationPortraitUpsideDown UIInterfaceOrientationLandscapeLeft UIInterfaceOrientationLandscapeRight";
				INFOPLIST_KEY_UISupportedInterfaceOrientations_iPhone = "UIInterfaceOrientationPortrait UIInterfaceOrientationLandscapeLeft UIInterfaceOrientationLandscapeRight";
				LD_RUNPATH_SEARCH_PATHS = (
					"$(inherited)",
					"@executable_path/Frameworks",
				);
				MARKETING_VERSION = 1.0;
				PRODUCT_BUNDLE_IDENTIFIER = w.learning;
				PRODUCT_NAME = "$(TARGET_NAME)";
				SWIFT_EMIT_LOC_STRINGS = YES;
				SWIFT_VERSION = 5.0;
				TARGETED_DEVICE_FAMILY = "1,2";
			};
			name = Debug;
		};
		6669B9DA2CC5308B00F4EE94 /* Release */ = {
			isa = XCBuildConfiguration;
			buildSettings = {
				ASSETCATALOG_COMPILER_APPICON_NAME = AppIcon;
				ASSETCATALOG_COMPILER_GLOBAL_ACCENT_COLOR_NAME = AccentColor;
				CODE_SIGN_STYLE = Automatic;
				CURRENT_PROJECT_VERSION = 1;
				DEVELOPMENT_ASSET_PATHS = "\"learning/Preview Content\"";
				DEVELOPMENT_TEAM = BN2JAJ3WHN;
				ENABLE_PREVIEWS = YES;
				GENERATE_INFOPLIST_FILE = YES;
				INFOPLIST_KEY_UIApplicationSceneManifest_Generation = YES;
				INFOPLIST_KEY_UIApplicationSupportsIndirectInputEvents = YES;
				INFOPLIST_KEY_UILaunchScreen_Generation = YES;
				INFOPLIST_KEY_UISupportedInterfaceOrientations_iPad = "UIInterfaceOrientationPortrait UIInterfaceOrientationPortraitUpsideDown UIInterfaceOrientationLandscapeLeft UIInterfaceOrientationLandscapeRight";
				INFOPLIST_KEY_UISupportedInterfaceOrientations_iPhone = "UIInterfaceOrientationPortrait UIInterfaceOrientationLandscapeLeft UIInterfaceOrientationLandscapeRight";
				LD_RUNPATH_SEARCH_PATHS = (
					"$(inherited)",
					"@executable_path/Frameworks",
				);
				MARKETING_VERSION = 1.0;
				PRODUCT_BUNDLE_IDENTIFIER = w.learning;
				PRODUCT_NAME = "$(TARGET_NAME)";
				SWIFT_EMIT_LOC_STRINGS = YES;
				SWIFT_VERSION = 5.0;
				TARGETED_DEVICE_FAMILY = "1,2";
			};
			name = Release;
		};
		6669B9DC2CC5308B00F4EE94 /* Debug */ = {
			isa = XCBuildConfiguration;
			buildSettings = {
				ALWAYS_EMBED_SWIFT_STANDARD_LIBRARIES = YES;
				BUNDLE_LOADER = "$(TEST_HOST)";
				CODE_SIGN_STYLE = Automatic;
				CURRENT_PROJECT_VERSION = 1;
				GENERATE_INFOPLIST_FILE = YES;
				IPHONEOS_DEPLOYMENT_TARGET = 17.5;
				MARKETING_VERSION = 1.0;
				PRODUCT_BUNDLE_IDENTIFIER = w.learningTests;
				PRODUCT_NAME = "$(TARGET_NAME)";
				SWIFT_EMIT_LOC_STRINGS = NO;
				SWIFT_VERSION = 5.0;
				TARGETED_DEVICE_FAMILY = "1,2";
				TEST_HOST = "$(BUILT_PRODUCTS_DIR)/learning.app/$(BUNDLE_EXECUTABLE_FOLDER_PATH)/learning";
			};
			name = Debug;
		};
		6669B9DD2CC5308B00F4EE94 /* Release */ = {
			isa = XCBuildConfiguration;
			buildSettings = {
				ALWAYS_EMBED_SWIFT_STANDARD_LIBRARIES = YES;
				BUNDLE_LOADER = "$(TEST_HOST)";
				CODE_SIGN_STYLE = Automatic;
				CURRENT_PROJECT_VERSION = 1;
				GENERATE_INFOPLIST_FILE = YES;
				IPHONEOS_DEPLOYMENT_TARGET = 17.5;
				MARKETING_VERSION = 1.0;
				PRODUCT_BUNDLE_IDENTIFIER = w.learningTests;
				PRODUCT_NAME = "$(TARGET_NAME)";
				SWIFT_EMIT_LOC_STRINGS = NO;
				SWIFT_VERSION = 5.0;
				TARGETED_DEVICE_FAMILY = "1,2";
				TEST_HOST = "$(BUILT_PRODUCTS_DIR)/learning.app/$(BUNDLE_EXECUTABLE_FOLDER_PATH)/learning";
			};
			name = Release;
		};
		6669B9DF2CC5308B00F4EE94 /* Debug */ = {
			isa = XCBuildConfiguration;
			buildSettings = {
				ALWAYS_EMBED_SWIFT_STANDARD_LIBRARIES = YES;
				CODE_SIGN_STYLE = Automatic;
				CURRENT_PROJECT_VERSION = 1;
				GENERATE_INFOPLIST_FILE = YES;
				MARKETING_VERSION = 1.0;
				PRODUCT_BUNDLE_IDENTIFIER = w.learningUITests;
				PRODUCT_NAME = "$(TARGET_NAME)";
				SWIFT_EMIT_LOC_STRINGS = NO;
				SWIFT_VERSION = 5.0;
				TARGETED_DEVICE_FAMILY = "1,2";
				TEST_TARGET_NAME = learning;
			};
			name = Debug;
		};
		6669B9E02CC5308B00F4EE94 /* Release */ = {
			isa = XCBuildConfiguration;
			buildSettings = {
				ALWAYS_EMBED_SWIFT_STANDARD_LIBRARIES = YES;
				CODE_SIGN_STYLE = Automatic;
				CURRENT_PROJECT_VERSION = 1;
				GENERATE_INFOPLIST_FILE = YES;
				MARKETING_VERSION = 1.0;
				PRODUCT_BUNDLE_IDENTIFIER = w.learningUITests;
				PRODUCT_NAME = "$(TARGET_NAME)";
				SWIFT_EMIT_LOC_STRINGS = NO;
				SWIFT_VERSION = 5.0;
				TARGETED_DEVICE_FAMILY = "1,2";
				TEST_TARGET_NAME = learning;
			};
			name = Release;
		};
/* End XCBuildConfiguration section */

/* Begin XCConfigurationList section */
		6669B9AF2CC5308700F4EE94 /* Build configuration list for PBXProject "learning" */ = {
			isa = XCConfigurationList;
			buildConfigurations = (
				6669B9D62CC5308B00F4EE94 /* Debug */,
				6669B9D72CC5308B00F4EE94 /* Release */,
			);
			defaultConfigurationIsVisible = 0;
			defaultConfigurationName = Release;
		};
		6669B9D82CC5308B00F4EE94 /* Build configuration list for PBXNativeTarget "learning" */ = {
			isa = XCConfigurationList;
			buildConfigurations = (
				6669B9D92CC5308B00F4EE94 /* Debug */,
				6669B9DA2CC5308B00F4EE94 /* Release */,
			);
			defaultConfigurationIsVisible = 0;
			defaultConfigurationName = Release;
		};
		6669B9DB2CC5308B00F4EE94 /* Build configuration list for PBXNativeTarget "learningTests" */ = {
			isa = XCConfigurationList;
			buildConfigurations = (
				6669B9DC2CC5308B00F4EE94 /* Debug */,
				6669B9DD2CC5308B00F4EE94 /* Release */,
			);
			defaultConfigurationIsVisible = 0;
			defaultConfigurationName = Release;
		};
		6669B9DE2CC5308B00F4EE94 /* Build configuration list for PBXNativeTarget "learningUITests" */ = {
			isa = XCConfigurationList;
			buildConfigurations = (
				6669B9DF2CC5308B00F4EE94 /* Debug */,
				6669B9E02CC5308B00F4EE94 /* Release */,
			);
			defaultConfigurationIsVisible = 0;
			defaultConfigurationName = Release;
		};
/* End XCConfigurationList section */
	};
	rootObject = 6669B9AC2CC5308700F4EE94 /* Project object */;
}
